// !$*UTF8*$!
{
	archiveVersion = 1;
	classes = {
	};
	objectVersion = 55;
	objects = {

/* Begin PBXBuildFile section */
		835288EA2AF3ABEF003619E6 /* AppDelegate.swift in Sources */ = {isa = PBXBuildFile; fileRef = 835288E92AF3ABEF003619E6 /* AppDelegate.swift */; };
		835288EC2AF3ABEF003619E6 /* SceneDelegate.swift in Sources */ = {isa = PBXBuildFile; fileRef = 835288EB2AF3ABEF003619E6 /* SceneDelegate.swift */; };
		835288EE2AF3ABEF003619E6 /* ViewController.swift in Sources */ = {isa = PBXBuildFile; fileRef = 835288ED2AF3ABEF003619E6 /* ViewController.swift */; };
		835288F12AF3ABEF003619E6 /* Main.storyboard in Resources */ = {isa = PBXBuildFile; fileRef = 835288EF2AF3ABEF003619E6 /* Main.storyboard */; };
		835288F32AF3ABF1003619E6 /* Assets.xcassets in Resources */ = {isa = PBXBuildFile; fileRef = 835288F22AF3ABF1003619E6 /* Assets.xcassets */; };
		835288F62AF3ABF1003619E6 /* LaunchScreen.storyboard in Resources */ = {isa = PBXBuildFile; fileRef = 835288F42AF3ABF1003619E6 /* LaunchScreen.storyboard */; };
		83CC4A922B0E297D0056AD0A /* Concentrarion.swift in Sources */ = {isa = PBXBuildFile; fileRef = 83CC4A912B0E297D0056AD0A /* Concentrarion.swift */; };
		83CC4A942B0E2ABD0056AD0A /* Card.swift in Sources */ = {isa = PBXBuildFile; fileRef = 83CC4A932B0E2ABD0056AD0A /* Card.swift */; };
/* End PBXBuildFile section */

/* Begin PBXFileReference section */
		835288E62AF3ABEF003619E6 /* concenration.app */ = {isa = PBXFileReference; explicitFileType = wrapper.application; includeInIndex = 0; path = concenration.app; sourceTree = BUILT_PRODUCTS_DIR; };
		835288E92AF3ABEF003619E6 /* AppDelegate.swift */ = {isa = PBXFileReference; lastKnownFileType = sourcecode.swift; path = AppDelegate.swift; sourceTree = "<group>"; };
		835288EB2AF3ABEF003619E6 /* SceneDelegate.swift */ = {isa = PBXFileReference; lastKnownFileType = sourcecode.swift; path = SceneDelegate.swift; sourceTree = "<group>"; };
		835288ED2AF3ABEF003619E6 /* ViewController.swift */ = {isa = PBXFileReference; lastKnownFileType = sourcecode.swift; path = ViewController.swift; sourceTree = "<group>"; };
		835288F02AF3ABEF003619E6 /* Base */ = {isa = PBXFileReference; lastKnownFileType = file.storyboard; name = Base; path = Base.lproj/Main.storyboard; sourceTree = "<group>"; };
		835288F22AF3ABF1003619E6 /* Assets.xcassets */ = {isa = PBXFileReference; lastKnownFileType = folder.assetcatalog; path = Assets.xcassets; sourceTree = "<group>"; };
		835288F52AF3ABF1003619E6 /* Base */ = {isa = PBXFileReference; lastKnownFileType = file.storyboard; name = Base; path = Base.lproj/LaunchScreen.storyboard; sourceTree = "<group>"; };
		835288F72AF3ABF1003619E6 /* Info.plist */ = {isa = PBXFileReference; lastKnownFileType = text.plist.xml; path = Info.plist; sourceTree = "<group>"; };
		83CC4A912B0E297D0056AD0A /* Concentrarion.swift */ = {isa = PBXFileReference; lastKnownFileType = sourcecode.swift; path = Concentrarion.swift; sourceTree = "<group>"; };
		83CC4A932B0E2ABD0056AD0A /* Card.swift */ = {isa = PBXFileReference; lastKnownFileType = sourcecode.swift; path = Card.swift; sourceTree = "<group>"; };
/* End PBXFileReference section */

/* Begin PBXFrameworksBuildPhase section */
		835288E32AF3ABEF003619E6 /* Frameworks */ = {
			isa = PBXFrameworksBuildPhase;
			buildActionMask = 2147483647;
			files = (
			);
			runOnlyForDeploymentPostprocessing = 0;
		};
/* End PBXFrameworksBuildPhase section */

/* Begin PBXGroup section */
		835288DD2AF3ABEE003619E6 = {
			isa = PBXGroup;
			children = (
				835288E82AF3ABEF003619E6 /* concenration */,
				835288E72AF3ABEF003619E6 /* Products */,
			);
			sourceTree = "<group>";
		};
		835288E72AF3ABEF003619E6 /* Products */ = {
			isa = PBXGroup;
			children = (
				835288E62AF3ABEF003619E6 /* concenration.app */,
			);
			name = Products;
			sourceTree = "<group>";
		};
		835288E82AF3ABEF003619E6 /* concenration */ = {
			isa = PBXGroup;
			children = (
				83CC4A912B0E297D0056AD0A /* Concentrarion.swift */,
				83CC4A932B0E2ABD0056AD0A /* Card.swift */,
				835288ED2AF3ABEF003619E6 /* ViewController.swift */,
				835288EF2AF3ABEF003619E6 /* Main.storyboard */,
				835288F72AF3ABF1003619E6 /* Info.plist */,
				835288FD2AF3ACF0003619E6 /* Supporting files */,
			);
			path = concenration;
			sourceTree = "<group>";
		};
		835288FD2AF3ACF0003619E6 /* Supporting files */ = {
			isa = PBXGroup;
			children = (
				835288F22AF3ABF1003619E6 /* Assets.xcassets */,
				835288F42AF3ABF1003619E6 /* LaunchScreen.storyboard */,
				835288E92AF3ABEF003619E6 /* AppDelegate.swift */,
				835288EB2AF3ABEF003619E6 /* SceneDelegate.swift */,
			);
			path = "Supporting files";
			sourceTree = "<group>";
		};
/* End PBXGroup section */

/* Begin PBXNativeTarget section */
		835288E52AF3ABEF003619E6 /* concenration */ = {
			isa = PBXNativeTarget;
			buildConfigurationList = 835288FA2AF3ABF1003619E6 /* Build configuration list for PBXNativeTarget "concenration" */;
			buildPhases = (
				835288E22AF3ABEF003619E6 /* Sources */,
				835288E32AF3ABEF003619E6 /* Frameworks */,
				835288E42AF3ABEF003619E6 /* Resources */,
			);
			buildRules = (
			);
			dependencies = (
			);
			name = concenration;
			productName = concenration;
			productReference = 835288E62AF3ABEF003619E6 /* concenration.app */;
			productType = "com.apple.product-type.application";
		};
/* End PBXNativeTarget section */

/* Begin PBXProject section */
		835288DE2AF3ABEE003619E6 /* Project object */ = {
			isa = PBXProject;
			attributes = {
				BuildIndependentTargetsInParallel = 1;
				LastSwiftUpdateCheck = 1340;
				LastUpgradeCheck = 1340;
				TargetAttributes = {
					835288E52AF3ABEF003619E6 = {
						CreatedOnToolsVersion = 13.4.1;
					};
				};
			};
			buildConfigurationList = 835288E12AF3ABEE003619E6 /* Build configuration list for PBXProject "concenration" */;
			compatibilityVersion = "Xcode 13.0";
			developmentRegion = en;
			hasScannedForEncodings = 0;
			knownRegions = (
				en,
				Base,
			);
			mainGroup = 835288DD2AF3ABEE003619E6;
			productRefGroup = 835288E72AF3ABEF003619E6 /* Products */;
			projectDirPath = "";
			projectRoot = "";
			targets = (
				835288E52AF3ABEF003619E6 /* concenration */,
			);
		};
/* End PBXProject section */

/* Begin PBXResourcesBuildPhase section */
		835288E42AF3ABEF003619E6 /* Resources */ = {
			isa = PBXResourcesBuildPhase;
			buildActionMask = 2147483647;
			files = (
				835288F62AF3ABF1003619E6 /* LaunchScreen.storyboard in Resources */,
				835288F32AF3ABF1003619E6 /* Assets.xcassets in Resources */,
				835288F12AF3ABEF003619E6 /* Main.storyboard in Resources */,
			);
			runOnlyForDeploymentPostprocessing = 0;
		};
/* End PBXResourcesBuildPhase section */

/* Begin PBXSourcesBuildPhase section */
		835288E22AF3ABEF003619E6 /* Sources */ = {
			isa = PBXSourcesBuildPhase;
			buildActionMask = 2147483647;
			files = (
				835288EE2AF3ABEF003619E6 /* ViewController.swift in Sources */,
				835288EA2AF3ABEF003619E6 /* AppDelegate.swift in Sources */,
				83CC4A942B0E2ABD0056AD0A /* Card.swift in Sources */,
				835288EC2AF3ABEF003619E6 /* SceneDelegate.swift in Sources */,
				83CC4A922B0E297D0056AD0A /* Concentrarion.swift in Sources */,
			);
			runOnlyForDeploymentPostprocessing = 0;
		};
/* End PBXSourcesBuildPhase section */

/* Begin PBXVariantGroup section */
		835288EF2AF3ABEF003619E6 /* Main.storyboard */ = {
			isa = PBXVariantGroup;
			children = (
				835288F02AF3ABEF003619E6 /* Base */,
			);
			name = Main.storyboard;
			sourceTree = "<group>";
		};
		835288F42AF3ABF1003619E6 /* LaunchScreen.storyboard */ = {
			isa = PBXVariantGroup;
			children = (
				835288F52AF3ABF1003619E6 /* Base */,
			);
			name = LaunchScreen.storyboard;
			sourceTree = "<group>";
		};
/* End PBXVariantGroup section */

/* Begin XCBuildConfiguration section */
		835288F82AF3ABF1003619E6 /* Debug */ = {
			isa = XCBuildConfiguration;
			buildSettings = {
				ALWAYS_SEARCH_USER_PATHS = NO;
				CLANG_ANALYZER_NONNULL = YES;
				CLANG_ANALYZER_NUMBER_OBJECT_CONVERSION = YES_AGGRESSIVE;
				CLANG_CXX_LANGUAGE_STANDARD = "gnu++17";
				CLANG_ENABLE_MODULES = YES;
				CLANG_ENABLE_OBJC_ARC = YES;
				CLANG_ENABLE_OBJC_WEAK = YES;
				CLANG_WARN_BLOCK_CAPTURE_AUTORELEASING = YES;
				CLANG_WARN_BOOL_CONVERSION = YES;
				CLANG_WARN_COMMA = YES;
				CLANG_WARN_CONSTANT_CONVERSION = YES;
				CLANG_WARN_DEPRECATED_OBJC_IMPLEMENTATIONS = YES;
				CLANG_WARN_DIRECT_OBJC_ISA_USAGE = YES_ERROR;
				CLANG_WARN_DOCUMENTATION_COMMENTS = YES;
				CLANG_WARN_EMPTY_BODY = YES;
				CLANG_WARN_ENUM_CONVERSION = YES;
				CLANG_WARN_INFINITE_RECURSION = YES;
				CLANG_WARN_INT_CONVERSION = YES;
				CLANG_WARN_NON_LITERAL_NULL_CONVERSION = YES;
				CLANG_WARN_OBJC_IMPLICIT_RETAIN_SELF = YES;
				CLANG_WARN_OBJC_LITERAL_CONVERSION = YES;
				CLANG_WARN_OBJC_ROOT_CLASS = YES_ERROR;
				CLANG_WARN_QUOTED_INCLUDE_IN_FRAMEWORK_HEADER = YES;
				CLANG_WARN_RANGE_LOOP_ANALYSIS = YES;
				CLANG_WARN_STRICT_PROTOTYPES = YES;
				CLANG_WARN_SUSPICIOUS_MOVE = YES;
				CLANG_WARN_UNGUARDED_AVAILABILITY = YES_AGGRESSIVE;
				CLANG_WARN_UNREACHABLE_CODE = YES;
				CLANG_WARN__DUPLICATE_METHOD_MATCH = YES;
				COPY_PHASE_STRIP = NO;
				DEBUG_INFORMATION_FORMAT = dwarf;
				ENABLE_STRICT_OBJC_MSGSEND = YES;
				ENABLE_TESTABILITY = YES;
				GCC_C_LANGUAGE_STANDARD = gnu11;
				GCC_DYNAMIC_NO_PIC = NO;
				GCC_NO_COMMON_BLOCKS = YES;
				GCC_OPTIMIZATION_LEVEL = 0;
				GCC_PREPROCESSOR_DEFINITIONS = (
					"DEBUG=1",
					"$(inherited)",
				);
				GCC_WARN_64_TO_32_BIT_CONVERSION = YES;
				GCC_WARN_ABOUT_RETURN_TYPE = YES_ERROR;
				GCC_WARN_UNDECLARED_SELECTOR = YES;
				GCC_WARN_UNINITIALIZED_AUTOS = YES_AGGRESSIVE;
				GCC_WARN_UNUSED_FUNCTION = YES;
				GCC_WARN_UNUSED_VARIABLE = YES;
				IPHONEOS_DEPLOYMENT_TARGET = 15.5;
				MTL_ENABLE_DEBUG_INFO = INCLUDE_SOURCE;
				MTL_FAST_MATH = YES;
				ONLY_ACTIVE_ARCH = YES;
				SDKROOT = iphoneos;
				SWIFT_ACTIVE_COMPILATION_CONDITIONS = DEBUG;
				SWIFT_OPTIMIZATION_LEVEL = "-Onone";
			};
			name = Debug;
		};
		835288F92AF3ABF1003619E6 /* Release */ = {
			isa = XCBuildConfiguration;
			buildSettings = {
				ALWAYS_SEARCH_USER_PATHS = NO;
				CLANG_ANALYZER_NONNULL = YES;
				CLANG_ANALYZER_NUMBER_OBJECT_CONVERSION = YES_AGGRESSIVE;
				CLANG_CXX_LANGUAGE_STANDARD = "gnu++17";
				CLANG_ENABLE_MODULES = YES;
				CLANG_ENABLE_OBJC_ARC = YES;
				CLANG_ENABLE_OBJC_WEAK = YES;
				CLANG_WARN_BLOCK_CAPTURE_AUTORELEASING = YES;
				CLANG_WARN_BOOL_CONVERSION = YES;
				CLANG_WARN_COMMA = YES;
				CLANG_WARN_CONSTANT_CONVERSION = YES;
				CLANG_WARN_DEPRECATED_OBJC_IMPLEMENTATIONS = YES;
				CLANG_WARN_DIRECT_OBJC_ISA_USAGE = YES_ERROR;
				CLANG_WARN_DOCUMENTATION_COMMENTS = YES;
				CLANG_WARN_EMPTY_BODY = YES;
				CLANG_WARN_ENUM_CONVERSION = YES;
				CLANG_WARN_INFINITE_RECURSION = YES;
				CLANG_WARN_INT_CONVERSION = YES;
				CLANG_WARN_NON_LITERAL_NULL_CONVERSION = YES;
				CLANG_WARN_OBJC_IMPLICIT_RETAIN_SELF = YES;
				CLANG_WARN_OBJC_LITERAL_CONVERSION = YES;
				CLANG_WARN_OBJC_ROOT_CLASS = YES_ERROR;
				CLANG_WARN_QUOTED_INCLUDE_IN_FRAMEWORK_HEADER = YES;
				CLANG_WARN_RANGE_LOOP_ANALYSIS = YES;
				CLANG_WARN_STRICT_PROTOTYPES = YES;
				CLANG_WARN_SUSPICIOUS_MOVE = YES;
				CLANG_WARN_UNGUARDED_AVAILABILITY = YES_AGGRESSIVE;
				CLANG_WARN_UNREACHABLE_CODE = YES;
				CLANG_WARN__DUPLICATE_METHOD_MATCH = YES;
				COPY_PHASE_STRIP = NO;
				DEBUG_INFORMATION_FORMAT = "dwarf-with-dsym";
				ENABLE_NS_ASSERTIONS = NO;
				ENABLE_STRICT_OBJC_MSGSEND = YES;
				GCC_C_LANGUAGE_STANDARD = gnu11;
				GCC_NO_COMMON_BLOCKS = YES;
				GCC_WARN_64_TO_32_BIT_CONVERSION = YES;
				GCC_WARN_ABOUT_RETURN_TYPE = YES_ERROR;
				GCC_WARN_UNDECLARED_SELECTOR = YES;
				GCC_WARN_UNINITIALIZED_AUTOS = YES_AGGRESSIVE;
				GCC_WARN_UNUSED_FUNCTION = YES;
				GCC_WARN_UNUSED_VARIABLE = YES;
				IPHONEOS_DEPLOYMENT_TARGET = 15.5;
				MTL_ENABLE_DEBUG_INFO = NO;
				MTL_FAST_MATH = YES;
				SDKROOT = iphoneos;
				SWIFT_COMPILATION_MODE = wholemodule;
				SWIFT_OPTIMIZATION_LEVEL = "-O";
				VALIDATE_PRODUCT = YES;
			};
			name = Release;
		};
		835288FB2AF3ABF1003619E6 /* Debug */ = {
			isa = XCBuildConfiguration;
			buildSettings = {
				ASSETCATALOG_COMPILER_APPICON_NAME = AppIcon;
				ASSETCATALOG_COMPILER_GLOBAL_ACCENT_COLOR_NAME = AccentColor;
				CODE_SIGN_STYLE = Automatic;
				CURRENT_PROJECT_VERSION = 1;
				DEVELOPMENT_TEAM = HRR33VADKN;
				GENERATE_INFOPLIST_FILE = YES;
				INFOPLIST_FILE = concenration/Info.plist;
				INFOPLIST_KEY_UIApplicationSupportsIndirectInputEvents = YES;
				INFOPLIST_KEY_UILaunchStoryboardName = LaunchScreen;
				INFOPLIST_KEY_UIMainStoryboardFile = Main;
				INFOPLIST_KEY_UISupportedInterfaceOrientations_iPad = "UIInterfaceOrientationPortrait UIInterfaceOrientationPortraitUpsideDown UIInterfaceOrientationLandscapeLeft UIInterfaceOrientationLandscapeRight";
				INFOPLIST_KEY_UISupportedInterfaceOrientations_iPhone = "UIInterfaceOrientationPortrait UIInterfaceOrientationLandscapeLeft UIInterfaceOrientationLandscapeRight";
				LD_RUNPATH_SEARCH_PATHS = (
					"$(inherited)",
					"@executable_path/Frameworks",
				);
				MARKETING_VERSION = 1.0;
				PRODUCT_BUNDLE_IDENTIFIER = com.mariyaAliyeva.concenration;
				PRODUCT_NAME = "$(TARGET_NAME)";
				SWIFT_EMIT_LOC_STRINGS = YES;
				SWIFT_VERSION = 5.0;
				TARGETED_DEVICE_FAMILY = "1,2";
			};
			name = Debug;
		};
		835288FC2AF3ABF1003619E6 /* Release */ = {
			isa = XCBuildConfiguration;
			buildSettings = {
				ASSETCATALOG_COMPILER_APPICON_NAME = AppIcon;
				ASSETCATALOG_COMPILER_GLOBAL_ACCENT_COLOR_NAME = AccentColor;
				CODE_SIGN_STYLE = Automatic;
				CURRENT_PROJECT_VERSION = 1;
				DEVELOPMENT_TEAM = HRR33VADKN;
				GENERATE_INFOPLIST_FILE = YES;
				INFOPLIST_FILE = concenration/Info.plist;
				INFOPLIST_KEY_UIApplicationSupportsIndirectInputEvents = YES;
				INFOPLIST_KEY_UILaunchStoryboardName = LaunchScreen;
				INFOPLIST_KEY_UIMainStoryboardFile = Main;
				INFOPLIST_KEY_UISupportedInterfaceOrientations_iPad = "UIInterfaceOrientationPortrait UIInterfaceOrientationPortraitUpsideDown UIInterfaceOrientationLandscapeLeft UIInterfaceOrientationLandscapeRight";
				INFOPLIST_KEY_UISupportedInterfaceOrientations_iPhone = "UIInterfaceOrientationPortrait UIInterfaceOrientationLandscapeLeft UIInterfaceOrientationLandscapeRight";
				LD_RUNPATH_SEARCH_PATHS = (
					"$(inherited)",
					"@executable_path/Frameworks",
				);
				MARKETING_VERSION = 1.0;
				PRODUCT_BUNDLE_IDENTIFIER = com.mariyaAliyeva.concenration;
				PRODUCT_NAME = "$(TARGET_NAME)";
				SWIFT_EMIT_LOC_STRINGS = YES;
				SWIFT_VERSION = 5.0;
				TARGETED_DEVICE_FAMILY = "1,2";
			};
			name = Release;
		};
/* End XCBuildConfiguration section */

/* Begin XCConfigurationList section */
		835288E12AF3ABEE003619E6 /* Build configuration list for PBXProject "concenration" */ = {
			isa = XCConfigurationList;
			buildConfigurations = (
				835288F82AF3ABF1003619E6 /* Debug */,
				835288F92AF3ABF1003619E6 /* Release */,
			);
			defaultConfigurationIsVisible = 0;
			defaultConfigurationName = Release;
		};
		835288FA2AF3ABF1003619E6 /* Build configuration list for PBXNativeTarget "concenration" */ = {
			isa = XCConfigurationList;
			buildConfigurations = (
				835288FB2AF3ABF1003619E6 /* Debug */,
				835288FC2AF3ABF1003619E6 /* Release */,
			);
			defaultConfigurationIsVisible = 0;
			defaultConfigurationName = Release;
		};
/* End XCConfigurationList section */
	};
	rootObject = 835288DE2AF3ABEE003619E6 /* Project object */;
}
